
Microsoft Visual Studio Solution File, Format Version 12.00
# Visual Studio Version 17
VisualStudioVersion = 17.2.32526.322
MinimumVisualStudioVersion = 10.0.40219.1
Project("{9A19103F-16F7-4668-BE54-9A1E7A4F7556}") = "Greedy", "Greedy\Greedy.csproj", "{DFE5CC28-5369-4B9A-AEDF-831810D00094}"
EndProject
Project("{FAE04EC0-301F-11D3-BF4B-00C04F79EFBC}") = "testing this", "testing this\testing this.csproj", "{E1D6DECA-95B2-4803-9B89-DF96AC41C7E2}"
EndProject
Global
	GlobalSection(SolutionConfigurationPlatforms) = preSolution
		Debug|Any CPU = Debug|Any CPU
		Release|Any CPU = Release|Any CPU
	EndGlobalSection
	GlobalSection(ProjectConfigurationPlatforms) = postSolution
		{DFE5CC28-5369-4B9A-AEDF-831810D00094}.Debug|Any CPU.ActiveCfg = Debug|Any CPU
		{DFE5CC28-5369-4B9A-AEDF-831810D00094}.Debug|Any CPU.Build.0 = Debug|Any CPU
		{DFE5CC28-5369-4B9A-AEDF-831810D00094}.Release|Any CPU.ActiveCfg = Release|Any CPU
		{DFE5CC28-5369-4B9A-AEDF-831810D00094}.Release|Any CPU.Build.0 = Release|Any CPU
		{E1D6DECA-95B2-4803-9B89-DF96AC41C7E2}.Debug|Any CPU.ActiveCfg = Debug|Any CPU
		{E1D6DECA-95B2-4803-9B89-DF96AC41C7E2}.Debug|Any CPU.Build.0 = Debug|Any CPU
		{E1D6DECA-95B2-4803-9B89-DF96AC41C7E2}.Release|Any CPU.ActiveCfg = Release|Any CPU
		{E1D6DECA-95B2-4803-9B89-DF96AC41C7E2}.Release|Any CPU.Build.0 = Release|Any CPU
	EndGlobalSection
	GlobalSection(SolutionProperties) = preSolution
		HideSolutionNode = FALSE
	EndGlobalSection
	GlobalSection(ExtensibilityGlobals) = postSolution
		SolutionGuid = {BFFF328C-D5FD-47DE-B5E2-D8E2CE3FB013}
	EndGlobalSection
EndGlobal
